
Microsoft Visual Studio Solution File, Format Version 12.00
# Visual Studio Version 16
VisualStudioVersion = 16.0.29728.190
MinimumVisualStudioVersion = 10.0.40219.1
Project("{9A19103F-16F7-4668-BE54-9A1E7A4F7556}") = "Core", "Core\Core.csproj", "{B0DD2976-E3C4-403F-990F-5CEFD31281E4}"
EndProject
Project("{FAE04EC0-301F-11D3-BF4B-00C04F79EFBC}") = "ConsoleApp", "ConsoleApp\ConsoleApp.csproj", "{31AD49C9-2A15-4DA3-B5CA-29EF54F54F13}"
EndProject
Global
	GlobalSection(SolutionConfigurationPlatforms) = preSolution
		Debug|Any CPU = Debug|Any CPU
		Release|Any CPU = Release|Any CPU
	EndGlobalSection
	GlobalSection(ProjectConfigurationPlatforms) = postSolution
		{B0DD2976-E3C4-403F-990F-5CEFD31281E4}.Debug|Any CPU.ActiveCfg = Debug|Any CPU
		{B0DD2976-E3C4-403F-990F-5CEFD31281E4}.Debug|Any CPU.Build.0 = Debug|Any CPU
		{B0DD2976-E3C4-403F-990F-5CEFD31281E4}.Release|Any CPU.ActiveCfg = Release|Any CPU
		{B0DD2976-E3C4-403F-990F-5CEFD31281E4}.Release|Any CPU.Build.0 = Release|Any CPU
		{31AD49C9-2A15-4DA3-B5CA-29EF54F54F13}.Debug|Any CPU.ActiveCfg = Debug|Any CPU
		{31AD49C9-2A15-4DA3-B5CA-29EF54F54F13}.Debug|Any CPU.Build.0 = Debug|Any CPU
		{31AD49C9-2A15-4DA3-B5CA-29EF54F54F13}.Release|Any CPU.ActiveCfg = Release|Any CPU
		{31AD49C9-2A15-4DA3-B5CA-29EF54F54F13}.Release|Any CPU.Build.0 = Release|Any CPU
	EndGlobalSection
	GlobalSection(SolutionProperties) = preSolution
		HideSolutionNode = FALSE
	EndGlobalSection
	GlobalSection(ExtensibilityGlobals) = postSolution
		SolutionGuid = {FA573601-254B-45F1-BD9F-91B9833405E2}
	EndGlobalSection
EndGlobal
